
Microsoft Visual Studio Solution File, Format Version 12.00
# Visual Studio Version 17
VisualStudioVersion = 17.0.31903.59
MinimumVisualStudioVersion = 10.0.40219.1
Project("{2150E333-8FDC-42A3-9474-1A3956D46DE8}") = "src", "src", "{827E0CD3-B72D-47B6-A68D-7590B98EB39B}"
EndProject
Project("{FAE04EC0-301F-11D3-BF4B-00C04F79EFBC}") = "BossFind.Domain", "src\BossFind.Domain\BossFind.Domain.csproj", "{A101D729-90D6-4326-BEBF-FD0751AF1825}"
EndProject
Project("{FAE04EC0-301F-11D3-BF4B-00C04F79EFBC}") = "BossFind.Application", "src\BossFind.Application\BossFind.Application.csproj", "{BDD0401A-4DC3-4049-8247-E79901734B09}"
EndProject
Project("{FAE04EC0-301F-11D3-BF4B-00C04F79EFBC}") = "BossFind.Infrastructure", "src\BossFind.Infrastructure\BossFind.Infrastructure.csproj", "{3F61DE89-8AFB-490C-B82D-DA906330FD9A}"
EndProject
Project("{FAE04EC0-301F-11D3-BF4B-00C04F79EFBC}") = "BossFind.Platform.Boss", "src\BossFind.Platform.Boss\BossFind.Platform.Boss.csproj", "{47D96E83-126A-4B6C-B59A-EE3D2A5E33D1}"
EndProject
Project("{FAE04EC0-301F-11D3-BF4B-00C04F79EFBC}") = "BossFind.App", "src\BossFind.App\BossFind.App.csproj", "{02652EE7-8FC0-4842-8FFF-84C1418E7867}"
EndProject
Project("{2150E333-8FDC-42A3-9474-1A3956D46DE8}") = "tests", "tests", "{0AB3BF05-4346-4AA6-1389-037BE0695223}"
EndProject
Project("{FAE04EC0-301F-11D3-BF4B-00C04F79EFBC}") = "BossFind.Domain.Tests", "tests\BossFind.Domain.Tests\BossFind.Domain.Tests.csproj", "{2F9FC374-84F2-4BF4-AD2C-D4A5A876C332}"
EndProject
Project("{FAE04EC0-301F-11D3-BF4B-00C04F79EFBC}") = "BossFind.Application.Tests", "tests\BossFind.Application.Tests\BossFind.Application.Tests.csproj", "{75DD7F81-4934-4897-B142-304F44340DE2}"
EndProject
Project("{FAE04EC0-301F-11D3-BF4B-00C04F79EFBC}") = "BossFind.Infrastructure.Tests", "tests\BossFind.Infrastructure.Tests\BossFind.Infrastructure.Tests.csproj", "{A13F3F85-0064-42C9-9A50-9E9C5AE7B253}"
EndProject
Project("{FAE04EC0-301F-11D3-BF4B-00C04F79EFBC}") = "BossFind.Platform.Boss.Tests", "tests\BossFind.Platform.Boss.Tests\BossFind.Platform.Boss.Tests.csproj", "{046D7B03-10E9-48E1-A88D-6917ACAAE4B6}"
EndProject
Project("{FAE04EC0-301F-11D3-BF4B-00C04F79EFBC}") = "BossFind.Ui.Tests", "tests\BossFind.Ui.Tests\BossFind.Ui.Tests.csproj", "{C3A40A91-E765-458A-858E-550448452BBC}"
EndProject
Global
	GlobalSection(SolutionConfigurationPlatforms) = preSolution
		Debug|Any CPU = Debug|Any CPU
		Debug|x64 = Debug|x64
		Debug|x86 = Debug|x86
		Release|Any CPU = Release|Any CPU
		Release|x64 = Release|x64
		Release|x86 = Release|x86
	EndGlobalSection
	GlobalSection(ProjectConfigurationPlatforms) = postSolution
		{A101D729-90D6-4326-BEBF-FD0751AF1825}.Debug|Any CPU.ActiveCfg = Debug|Any CPU
		{A101D729-90D6-4326-BEBF-FD0751AF1825}.Debug|Any CPU.Build.0 = Debug|Any CPU
		{A101D729-90D6-4326-BEBF-FD0751AF1825}.Debug|x64.ActiveCfg = Debug|Any CPU
		{A101D729-90D6-4326-BEBF-FD0751AF1825}.Debug|x64.Build.0 = Debug|Any CPU
		{A101D729-90D6-4326-BEBF-FD0751AF1825}.Debug|x86.ActiveCfg = Debug|Any CPU
		{A101D729-90D6-4326-BEBF-FD0751AF1825}.Debug|x86.Build.0 = Debug|Any CPU
		{A101D729-90D6-4326-BEBF-FD0751AF1825}.Release|Any CPU.ActiveCfg = Release|Any CPU
		{A101D729-90D6-4326-BEBF-FD0751AF1825}.Release|Any CPU.Build.0 = Release|Any CPU
		{A101D729-90D6-4326-BEBF-FD0751AF1825}.Release|x64.ActiveCfg = Release|Any CPU
		{A101D729-90D6-4326-BEBF-FD0751AF1825}.Release|x64.Build.0 = Release|Any CPU
		{A101D729-90D6-4326-BEBF-FD0751AF1825}.Release|x86.ActiveCfg = Release|Any CPU
		{A101D729-90D6-4326-BEBF-FD0751AF1825}.Release|x86.Build.0 = Release|Any CPU
		{BDD0401A-4DC3-4049-8247-E79901734B09}.Debug|Any CPU.ActiveCfg = Debug|Any CPU
		{BDD0401A-4DC3-4049-8247-E79901734B09}.Debug|Any CPU.Build.0 = Debug|Any CPU
		{BDD0401A-4DC3-4049-8247-E79901734B09}.Debug|x64.ActiveCfg = Debug|Any CPU
		{BDD0401A-4DC3-4049-8247-E79901734B09}.Debug|x64.Build.0 = Debug|Any CPU
		{BDD0401A-4DC3-4049-8247-E79901734B09}.Debug|x86.ActiveCfg = Debug|Any CPU
		{BDD0401A-4DC3-4049-8247-E79901734B09}.Debug|x86.Build.0 = Debug|Any CPU
		{BDD0401A-4DC3-4049-8247-E79901734B09}.Release|Any CPU.ActiveCfg = Release|Any CPU
		{BDD0401A-4DC3-4049-8247-E79901734B09}.Release|Any CPU.Build.0 = Release|Any CPU
		{BDD0401A-4DC3-4049-8247-E79901734B09}.Release|x64.ActiveCfg = Release|Any CPU
		{BDD0401A-4DC3-4049-8247-E79901734B09}.Release|x64.Build.0 = Release|Any CPU
		{BDD0401A-4DC3-4049-8247-E79901734B09}.Release|x86.ActiveCfg = Release|Any CPU
		{BDD0401A-4DC3-4049-8247-E79901734B09}.Release|x86.Build.0 = Release|Any CPU
		{3F61DE89-8AFB-490C-B82D-DA906330FD9A}.Debug|Any CPU.ActiveCfg = Debug|Any CPU
		{3F61DE89-8AFB-490C-B82D-DA906330FD9A}.Debug|Any CPU.Build.0 = Debug|Any CPU
		{3F61DE89-8AFB-490C-B82D-DA906330FD9A}.Debug|x64.ActiveCfg = Debug|Any CPU
		{3F61DE89-8AFB-490C-B82D-DA906330FD9A}.Debug|x64.Build.0 = Debug|Any CPU
		{3F61DE89-8AFB-490C-B82D-DA906330FD9A}.Debug|x86.ActiveCfg = Debug|Any CPU
		{3F61DE89-8AFB-490C-B82D-DA906330FD9A}.Debug|x86.Build.0 = Debug|Any CPU
		{3F61DE89-8AFB-490C-B82D-DA906330FD9A}.Release|Any CPU.ActiveCfg = Release|Any CPU
		{3F61DE89-8AFB-490C-B82D-DA906330FD9A}.Release|Any CPU.Build.0 = Release|Any CPU
		{3F61DE89-8AFB-490C-B82D-DA906330FD9A}.Release|x64.ActiveCfg = Release|Any CPU
		{3F61DE89-8AFB-490C-B82D-DA906330FD9A}.Release|x64.Build.0 = Release|Any CPU
		{3F61DE89-8AFB-490C-B82D-DA906330FD9A}.Release|x86.ActiveCfg = Release|Any CPU
		{3F61DE89-8AFB-490C-B82D-DA906330FD9A}.Release|x86.Build.0 = Release|Any CPU
		{47D96E83-126A-4B6C-B59A-EE3D2A5E33D1}.Debug|Any CPU.ActiveCfg = Debug|Any CPU
		{47D96E83-126A-4B6C-B59A-EE3D2A5E33D1}.Debug|Any CPU.Build.0 = Debug|Any CPU
		{47D96E83-126A-4B6C-B59A-EE3D2A5E33D1}.Debug|x64.ActiveCfg = Debug|Any CPU
		{47D96E83-126A-4B6C-B59A-EE3D2A5E33D1}.Debug|x64.Build.0 = Debug|Any CPU
		{47D96E83-126A-4B6C-B59A-EE3D2A5E33D1}.Debug|x86.ActiveCfg = Debug|Any CPU
		{47D96E83-126A-4B6C-B59A-EE3D2A5E33D1}.Debug|x86.Build.0 = Debug|Any CPU
		{47D96E83-126A-4B6C-B59A-EE3D2A5E33D1}.Release|Any CPU.ActiveCfg = Release|Any CPU
		{47D96E83-126A-4B6C-B59A-EE3D2A5E33D1}.Release|Any CPU.Build.0 = Release|Any CPU
		{47D96E83-126A-4B6C-B59A-EE3D2A5E33D1}.Release|x64.ActiveCfg = Release|Any CPU
		{47D96E83-126A-4B6C-B59A-EE3D2A5E33D1}.Release|x64.Build.0 = Release|Any CPU
		{47D96E83-126A-4B6C-B59A-EE3D2A5E33D1}.Release|x86.ActiveCfg = Release|Any CPU
		{47D96E83-126A-4B6C-B59A-EE3D2A5E33D1}.Release|x86.Build.0 = Release|Any CPU
		{02652EE7-8FC0-4842-8FFF-84C1418E7867}.Debug|Any CPU.ActiveCfg = Debug|x64
		{02652EE7-8FC0-4842-8FFF-84C1418E7867}.Debug|Any CPU.Build.0 = Debug|x64
		{02652EE7-8FC0-4842-8FFF-84C1418E7867}.Debug|x64.ActiveCfg = Debug|x64
		{02652EE7-8FC0-4842-8FFF-84C1418E7867}.Debug|x64.Build.0 = Debug|x64
		{02652EE7-8FC0-4842-8FFF-84C1418E7867}.Debug|x86.ActiveCfg = Debug|x64
		{02652EE7-8FC0-4842-8FFF-84C1418E7867}.Debug|x86.Build.0 = Debug|x64
		{02652EE7-8FC0-4842-8FFF-84C1418E7867}.Release|Any CPU.ActiveCfg = Release|x64
		{02652EE7-8FC0-4842-8FFF-84C1418E7867}.Release|Any CPU.Build.0 = Release|x64
		{02652EE7-8FC0-4842-8FFF-84C1418E7867}.Release|x64.ActiveCfg = Release|x64
		{02652EE7-8FC0-4842-8FFF-84C1418E7867}.Release|x64.Build.0 = Release|x64
		{02652EE7-8FC0-4842-8FFF-84C1418E7867}.Release|x86.ActiveCfg = Release|x64
		{02652EE7-8FC0-4842-8FFF-84C1418E7867}.Release|x86.Build.0 = Release|x64
		{2F9FC374-84F2-4BF4-AD2C-D4A5A876C332}.Debug|Any CPU.ActiveCfg = Debug|Any CPU
		{2F9FC374-84F2-4BF4-AD2C-D4A5A876C332}.Debug|Any CPU.Build.0 = Debug|Any CPU
		{2F9FC374-84F2-4BF4-AD2C-D4A5A876C332}.Debug|x64.ActiveCfg = Debug|Any CPU
		{2F9FC374-84F2-4BF4-AD2C-D4A5A876C332}.Debug|x64.Build.0 = Debug|Any CPU
		{2F9FC374-84F2-4BF4-AD2C-D4A5A876C332}.Debug|x86.ActiveCfg = Debug|Any CPU
		{2F9FC374-84F2-4BF4-AD2C-D4A5A876C332}.Debug|x86.Build.0 = Debug|Any CPU
		{2F9FC374-84F2-4BF4-AD2C-D4A5A876C332}.Release|Any CPU.ActiveCfg = Release|Any CPU
		{2F9FC374-84F2-4BF4-AD2C-D4A5A876C332}.Release|Any CPU.Build.0 = Release|Any CPU
		{2F9FC374-84F2-4BF4-AD2C-D4A5A876C332}.Release|x64.ActiveCfg = Release|Any CPU
		{2F9FC374-84F2-4BF4-AD2C-D4A5A876C332}.Release|x64.Build.0 = Release|Any CPU
		{2F9FC374-84F2-4BF4-AD2C-D4A5A876C332}.Release|x86.ActiveCfg = Release|Any CPU
		{2F9FC374-84F2-4BF4-AD2C-D4A5A876C332}.Release|x86.Build.0 = Release|Any CPU
		{75DD7F81-4934-4897-B142-304F44340DE2}.Debug|Any CPU.ActiveCfg = Debug|Any CPU
		{75DD7F81-4934-4897-B142-304F44340DE2}.Debug|Any CPU.Build.0 = Debug|Any CPU
		{75DD7F81-4934-4897-B142-304F44340DE2}.Debug|x64.ActiveCfg = Debug|Any CPU
		{75DD7F81-4934-4897-B142-304F44340DE2}.Debug|x64.Build.0 = Debug|Any CPU
		{75DD7F81-4934-4897-B142-304F44340DE2}.Debug|x86.ActiveCfg = Debug|Any CPU
		{75DD7F81-4934-4897-B142-304F44340DE2}.Debug|x86.Build.0 = Debug|Any CPU
		{75DD7F81-4934-4897-B142-304F44340DE2}.Release|Any CPU.ActiveCfg = Release|Any CPU
		{75DD7F81-4934-4897-B142-304F44340DE2}.Release|Any CPU.Build.0 = Release|Any CPU
		{75DD7F81-4934-4897-B142-304F44340DE2}.Release|x64.ActiveCfg = Release|Any CPU
		{75DD7F81-4934-4897-B142-304F44340DE2}.Release|x64.Build.0 = Release|Any CPU
		{75DD7F81-4934-4897-B142-304F44340DE2}.Release|x86.ActiveCfg = Release|Any CPU
		{75DD7F81-4934-4897-B142-304F44340DE2}.Release|x86.Build.0 = Release|Any CPU
		{A13F3F85-0064-42C9-9A50-9E9C5AE7B253}.Debug|Any CPU.ActiveCfg = Debug|Any CPU
		{A13F3F85-0064-42C9-9A50-9E9C5AE7B253}.Debug|Any CPU.Build.0 = Debug|Any CPU
		{A13F3F85-0064-42C9-9A50-9E9C5AE7B253}.Debug|x64.ActiveCfg = Debug|Any CPU
		{A13F3F85-0064-42C9-9A50-9E9C5AE7B253}.Debug|x64.Build.0 = Debug|Any CPU
		{A13F3F85-0064-42C9-9A50-9E9C5AE7B253}.Debug|x86.ActiveCfg = Debug|Any CPU
		{A13F3F85-0064-42C9-9A50-9E9C5AE7B253}.Debug|x86.Build.0 = Debug|Any CPU
		{A13F3F85-0064-42C9-9A50-9E9C5AE7B253}.Release|Any CPU.ActiveCfg = Release|Any CPU
		{A13F3F85-0064-42C9-9A50-9E9C5AE7B253}.Release|Any CPU.Build.0 = Release|Any CPU
		{A13F3F85-0064-42C9-9A50-9E9C5AE7B253}.Release|x64.ActiveCfg = Release|Any CPU
		{A13F3F85-0064-42C9-9A50-9E9C5AE7B253}.Release|x64.Build.0 = Release|Any CPU
		{A13F3F85-0064-42C9-9A50-9E9C5AE7B253}.Release|x86.ActiveCfg = Release|Any CPU
		{A13F3F85-0064-42C9-9A50-9E9C5AE7B253}.Release|x86.Build.0 = Release|Any CPU
		{046D7B03-10E9-48E1-A88D-6917ACAAE4B6}.Debug|Any CPU.ActiveCfg = Debug|Any CPU
		{046D7B03-10E9-48E1-A88D-6917ACAAE4B6}.Debug|Any CPU.Build.0 = Debug|Any CPU
		{046D7B03-10E9-48E1-A88D-6917ACAAE4B6}.Debug|x64.ActiveCfg = Debug|Any CPU
		{046D7B03-10E9-48E1-A88D-6917ACAAE4B6}.Debug|x64.Build.0 = Debug|Any CPU
		{046D7B03-10E9-48E1-A88D-6917ACAAE4B6}.Debug|x86.ActiveCfg = Debug|Any CPU
		{046D7B03-10E9-48E1-A88D-6917ACAAE4B6}.Debug|x86.Build.0 = Debug|Any CPU
		{046D7B03-10E9-48E1-A88D-6917ACAAE4B6}.Release|Any CPU.ActiveCfg = Release|Any CPU
		{046D7B03-10E9-48E1-A88D-6917ACAAE4B6}.Release|Any CPU.Build.0 = Release|Any CPU
		{046D7B03-10E9-48E1-A88D-6917ACAAE4B6}.Release|x64.ActiveCfg = Release|Any CPU
		{046D7B03-10E9-48E1-A88D-6917ACAAE4B6}.Release|x64.Build.0 = Release|Any CPU
		{046D7B03-10E9-48E1-A88D-6917ACAAE4B6}.Release|x86.ActiveCfg = Release|Any CPU
		{046D7B03-10E9-48E1-A88D-6917ACAAE4B6}.Release|x86.Build.0 = Release|Any CPU
		{C3A40A91-E765-458A-858E-550448452BBC}.Debug|Any CPU.ActiveCfg = Debug|Any CPU
		{C3A40A91-E765-458A-858E-550448452BBC}.Debug|Any CPU.Build.0 = Debug|Any CPU
		{C3A40A91-E765-458A-858E-550448452BBC}.Debug|x64.ActiveCfg = Debug|Any CPU
		{C3A40A91-E765-458A-858E-550448452BBC}.Debug|x64.Build.0 = Debug|Any CPU
		{C3A40A91-E765-458A-858E-550448452BBC}.Debug|x86.ActiveCfg = Debug|Any CPU
		{C3A40A91-E765-458A-858E-550448452BBC}.Debug|x86.Build.0 = Debug|Any CPU
		{C3A40A91-E765-458A-858E-550448452BBC}.Release|Any CPU.ActiveCfg = Release|Any CPU
		{C3A40A91-E765-458A-858E-550448452BBC}.Release|Any CPU.Build.0 = Release|Any CPU
		{C3A40A91-E765-458A-858E-550448452BBC}.Release|x64.ActiveCfg = Release|Any CPU
		{C3A40A91-E765-458A-858E-550448452BBC}.Release|x64.Build.0 = Release|Any CPU
		{C3A40A91-E765-458A-858E-550448452BBC}.Release|x86.ActiveCfg = Release|Any CPU
		{C3A40A91-E765-458A-858E-550448452BBC}.Release|x86.Build.0 = Release|Any CPU
	EndGlobalSection
	GlobalSection(SolutionProperties) = preSolution
		HideSolutionNode = FALSE
	EndGlobalSection
	GlobalSection(NestedProjects) = preSolution
		{A101D729-90D6-4326-BEBF-FD0751AF1825} = {827E0CD3-B72D-47B6-A68D-7590B98EB39B}
		{BDD0401A-4DC3-4049-8247-E79901734B09} = {827E0CD3-B72D-47B6-A68D-7590B98EB39B}
		{3F61DE89-8AFB-490C-B82D-DA906330FD9A} = {827E0CD3-B72D-47B6-A68D-7590B98EB39B}
		{47D96E83-126A-4B6C-B59A-EE3D2A5E33D1} = {827E0CD3-B72D-47B6-A68D-7590B98EB39B}
		{02652EE7-8FC0-4842-8FFF-84C1418E7867} = {827E0CD3-B72D-47B6-A68D-7590B98EB39B}
		{2F9FC374-84F2-4BF4-AD2C-D4A5A876C332} = {0AB3BF05-4346-4AA6-1389-037BE0695223}
		{75DD7F81-4934-4897-B142-304F44340DE2} = {0AB3BF05-4346-4AA6-1389-037BE0695223}
		{A13F3F85-0064-42C9-9A50-9E9C5AE7B253} = {0AB3BF05-4346-4AA6-1389-037BE0695223}
		{046D7B03-10E9-48E1-A88D-6917ACAAE4B6} = {0AB3BF05-4346-4AA6-1389-037BE0695223}
		{C3A40A91-E765-458A-858E-550448452BBC} = {0AB3BF05-4346-4AA6-1389-037BE0695223}
	EndGlobalSection
EndGlobal
